// !$*UTF8*$!
{
	archiveVersion = 1;
	classes = {
	};
	objectVersion = 46;
	objects = {

/* Begin PBXBuildFile section */
		153F8F74300EF0C7AE3383F6 /* libPods.a in Frameworks */ = {isa = PBXBuildFile; fileRef = F85F9E3769C79CE96B4AE5CB /* libPods.a */; };
		1D60589F0D05DD5A006BFB54 /* Foundation.framework in Frameworks */ = {isa = PBXBuildFile; fileRef = 1D30AB110D05D00D00671497 /* Foundation.framework */; };
		1DF5F4E00D08C38300B7A737 /* UIKit.framework in Frameworks */ = {isa = PBXBuildFile; fileRef = 1DF5F4DF0D08C38300B7A737 /* UIKit.framework */; };
		532350CB1959D2F700545CD3 /* main.m in Sources */ = {isa = PBXBuildFile; fileRef = 532350CA1959D2F700545CD3 /* main.m */; };
		53C962BC1959CF970099CD7D /* Images.xcassets in Resources */ = {isa = PBXBuildFile; fileRef = 53C962BB1959CF970099CD7D /* Images.xcassets */; };
		53C962C61959CFC50099CD7D /* TableCell.xib in Resources */ = {isa = PBXBuildFile; fileRef = 53C962C31959CFC50099CD7D /* TableCell.xib */; };
		53C962EC1959D0CA0099CD7D /* AppDelegate.m in Sources */ = {isa = PBXBuildFile; fileRef = 53C962DF1959D0CA0099CD7D /* AppDelegate.m */; };
		53C962ED1959D0CA0099CD7D /* BaseTableViewController.m in Sources */ = {isa = PBXBuildFile; fileRef = 53C962E11959D0CA0099CD7D /* BaseTableViewController.m */; };
		53C962EF1959D0CA0099CD7D /* MainTableViewController.m in Sources */ = {isa = PBXBuildFile; fileRef = 53C962E51959D0CA0099CD7D /* MainTableViewController.m */; };
		53C962F11959D0CA0099CD7D /* ResultsTableController.m in Sources */ = {isa = PBXBuildFile; fileRef = 53C962E91959D0CA0099CD7D /* ResultsTableController.m */; };
		B40A8CA41CE18E0600DC784F /* Result.m in Sources */ = {isa = PBXBuildFile; fileRef = B40A8CA31CE18E0600DC784F /* Result.m */; };
		B40A8CA71CE1A4E500DC784F /* MainStoryboard.storyboard in Resources */ = {isa = PBXBuildFile; fileRef = B40A8CA51CE1A4E500DC784F /* MainStoryboard.storyboard */; };
		B40A8CAA1CE1A50A00DC784F /* LaunchScreen.xib in Resources */ = {isa = PBXBuildFile; fileRef = B40A8CA81CE1A50A00DC784F /* LaunchScreen.xib */; };
/* End PBXBuildFile section */

/* Begin PBXFileReference section */
		1D30AB110D05D00D00671497 /* Foundation.framework */ = {isa = PBXFileReference; lastKnownFileType = wrapper.framework; name = Foundation.framework; path = System/Library/Frameworks/Foundation.framework; sourceTree = SDKROOT; };
		1D6058910D05DD3D006BFB54 /* TableSearch.app */ = {isa = PBXFileReference; explicitFileType = wrapper.application; includeInIndex = 0; path = TableSearch.app; sourceTree = BUILT_PRODUCTS_DIR; };
		1DF5F4DF0D08C38300B7A737 /* UIKit.framework */ = {isa = PBXFileReference; lastKnownFileType = wrapper.framework; name = UIKit.framework; path = System/Library/Frameworks/UIKit.framework; sourceTree = SDKROOT; };
		21920E3714FFF3CEBEBD22C0 /* Pods.release.xcconfig */ = {isa = PBXFileReference; includeInIndex = 1; lastKnownFileType = text.xcconfig; name = Pods.release.xcconfig; path = "Pods/Target Support Files/Pods/Pods.release.xcconfig"; sourceTree = "<group>"; };
		532350CA1959D2F700545CD3 /* main.m */ = {isa = PBXFileReference; fileEncoding = 4; lastKnownFileType = sourcecode.c.objc; name = main.m; path = TableSearch/main.m; sourceTree = "<group>"; };
		53C962BB1959CF970099CD7D /* Images.xcassets */ = {isa = PBXFileReference; lastKnownFileType = folder.assetcatalog; path = Images.xcassets; sourceTree = "<group>"; };
		53C962BD1959CF9F0099CD7D /* Info.plist */ = {isa = PBXFileReference; lastKnownFileType = text.plist.xml; path = Info.plist; sourceTree = "<group>"; };
		53C962C41959CFC50099CD7D /* en */ = {isa = PBXFileReference; lastKnownFileType = file.xib; name = en; path = en.lproj/TableCell.xib; sourceTree = "<group>"; };
		53C962DE1959D0CA0099CD7D /* AppDelegate.h */ = {isa = PBXFileReference; fileEncoding = 4; lastKnownFileType = sourcecode.c.h; name = AppDelegate.h; path = TableSearch/AppDelegate.h; sourceTree = "<group>"; };
		53C962DF1959D0CA0099CD7D /* AppDelegate.m */ = {isa = PBXFileReference; fileEncoding = 4; lastKnownFileType = sourcecode.c.objc; name = AppDelegate.m; path = TableSearch/AppDelegate.m; sourceTree = "<group>"; };
		53C962E01959D0CA0099CD7D /* BaseTableViewController.h */ = {isa = PBXFileReference; fileEncoding = 4; lastKnownFileType = sourcecode.c.h; name = BaseTableViewController.h; path = TableSearch/BaseTableViewController.h; sourceTree = "<group>"; };
		53C962E11959D0CA0099CD7D /* BaseTableViewController.m */ = {isa = PBXFileReference; fileEncoding = 4; lastKnownFileType = sourcecode.c.objc; name = BaseTableViewController.m; path = TableSearch/BaseTableViewController.m; sourceTree = "<group>"; };
		53C962E41959D0CA0099CD7D /* MainTableViewController.h */ = {isa = PBXFileReference; fileEncoding = 4; lastKnownFileType = sourcecode.c.h; name = MainTableViewController.h; path = TableSearch/MainTableViewController.h; sourceTree = "<group>"; };
		53C962E51959D0CA0099CD7D /* MainTableViewController.m */ = {isa = PBXFileReference; fileEncoding = 4; lastKnownFileType = sourcecode.c.objc; name = MainTableViewController.m; path = TableSearch/MainTableViewController.m; sourceTree = "<group>"; };
		53C962E81959D0CA0099CD7D /* ResultsTableController.h */ = {isa = PBXFileReference; fileEncoding = 4; lastKnownFileType = sourcecode.c.h; name = ResultsTableController.h; path = TableSearch/ResultsTableController.h; sourceTree = "<group>"; };
		53C962E91959D0CA0099CD7D /* ResultsTableController.m */ = {isa = PBXFileReference; fileEncoding = 4; lastKnownFileType = sourcecode.c.objc; name = ResultsTableController.m; path = TableSearch/ResultsTableController.m; sourceTree = "<group>"; };
		53C962EB1959D0CA0099CD7D /* Prefix.pch */ = {isa = PBXFileReference; fileEncoding = 4; lastKnownFileType = sourcecode.c.h; name = Prefix.pch; path = TableSearch/Prefix.pch; sourceTree = "<group>"; };
		9E0FBDC8C8EF3F38FB9F4770 /* Pods.debug.xcconfig */ = {isa = PBXFileReference; includeInIndex = 1; lastKnownFileType = text.xcconfig; name = Pods.debug.xcconfig; path = "Pods/Target Support Files/Pods/Pods.debug.xcconfig"; sourceTree = "<group>"; };
		B40A8C9D1CE18AD200DC784F /* Result.h */ = {isa = PBXFileReference; fileEncoding = 4; lastKnownFileType = sourcecode.c.h; name = Result.h; path = TableSearch/Result.h; sourceTree = "<group>"; };
		B40A8CA31CE18E0600DC784F /* Result.m */ = {isa = PBXFileReference; fileEncoding = 4; lastKnownFileType = sourcecode.c.objc; name = Result.m; path = TableSearch/Result.m; sourceTree = "<group>"; };
		B40A8CA61CE1A4E500DC784F /* en */ = {isa = PBXFileReference; lastKnownFileType = file.storyboard; name = en; path = en.lproj/MainStoryboard.storyboard; sourceTree = "<group>"; };
		B40A8CA91CE1A50A00DC784F /* en */ = {isa = PBXFileReference; lastKnownFileType = file.xib; name = en; path = en.lproj/LaunchScreen.xib; sourceTree = "<group>"; };
		F85F9E3769C79CE96B4AE5CB /* libPods.a */ = {isa = PBXFileReference; explicitFileType = archive.ar; includeInIndex = 0; path = libPods.a; sourceTree = BUILT_PRODUCTS_DIR; };
/* End PBXFileReference section */

/* Begin PBXFrameworksBuildPhase section */
		1D60588F0D05DD3D006BFB54 /* Frameworks */ = {
			isa = PBXFrameworksBuildPhase;
			buildActionMask = 2147483647;
			files = (
				1D60589F0D05DD5A006BFB54 /* Foundation.framework in Frameworks */,
				1DF5F4E00D08C38300B7A737 /* UIKit.framework in Frameworks */,
				153F8F74300EF0C7AE3383F6 /* libPods.a in Frameworks */,
			);
			runOnlyForDeploymentPostprocessing = 0;
		};
/* End PBXFrameworksBuildPhase section */

/* Begin PBXGroup section */
		19C28FACFE9D520D11CA2CBB /* Products */ = {
			isa = PBXGroup;
			children = (
				1D6058910D05DD3D006BFB54 /* TableSearch.app */,
			);
			name = Products;
			sourceTree = "<group>";
		};
		29B97314FDCFA39411CA2CEA /* CustomTemplate */ = {
			isa = PBXGroup;
			children = (
				B40A8CA01CE18ADD00DC784F /* Model */,
				B40A8CA11CE18AED00DC784F /* View */,
				B40A8CA21CE18B2200DC784F /* Controller */,
				53E8FA6C194A012A0052D643 /* Supporting Files */,
				29B97323FDCFA39411CA2CEA /* Frameworks */,
				19C28FACFE9D520D11CA2CBB /* Products */,
				8BF34B434A5D2473ED78394C /* Pods */,
			);
			name = CustomTemplate;
			sourceTree = "<group>";
		};
		29B97323FDCFA39411CA2CEA /* Frameworks */ = {
			isa = PBXGroup;
			children = (
				1DF5F4DF0D08C38300B7A737 /* UIKit.framework */,
				1D30AB110D05D00D00671497 /* Foundation.framework */,
				F85F9E3769C79CE96B4AE5CB /* libPods.a */,
			);
			name = Frameworks;
			sourceTree = "<group>";
		};
		53E8FA6C194A012A0052D643 /* Supporting Files */ = {
			isa = PBXGroup;
			children = (
				53C962DE1959D0CA0099CD7D /* AppDelegate.h */,
				53C962DF1959D0CA0099CD7D /* AppDelegate.m */,
				532350CA1959D2F700545CD3 /* main.m */,
				53C962EB1959D0CA0099CD7D /* Prefix.pch */,
				B40A8CA81CE1A50A00DC784F /* LaunchScreen.xib */,
				B40A8CA51CE1A4E500DC784F /* MainStoryboard.storyboard */,
				53C962BB1959CF970099CD7D /* Images.xcassets */,
				53C962BD1959CF9F0099CD7D /* Info.plist */,
			);
			name = "Supporting Files";
			sourceTree = "<group>";
		};
		8BF34B434A5D2473ED78394C /* Pods */ = {
			isa = PBXGroup;
			children = (
				9E0FBDC8C8EF3F38FB9F4770 /* Pods.debug.xcconfig */,
				21920E3714FFF3CEBEBD22C0 /* Pods.release.xcconfig */,
			);
			name = Pods;
			sourceTree = "<group>";
		};
		B40A8CA01CE18ADD00DC784F /* Model */ = {
			isa = PBXGroup;
			children = (
				B40A8C9D1CE18AD200DC784F /* Result.h */,
				B40A8CA31CE18E0600DC784F /* Result.m */,
			);
			name = Model;
			sourceTree = "<group>";
		};
		B40A8CA11CE18AED00DC784F /* View */ = {
			isa = PBXGroup;
			children = (
				53C962C31959CFC50099CD7D /* TableCell.xib */,
			);
			name = View;
			sourceTree = "<group>";
		};
		B40A8CA21CE18B2200DC784F /* Controller */ = {
			isa = PBXGroup;
			children = (
				53C962E01959D0CA0099CD7D /* BaseTableViewController.h */,
				53C962E11959D0CA0099CD7D /* BaseTableViewController.m */,
				53C962E41959D0CA0099CD7D /* MainTableViewController.h */,
				53C962E51959D0CA0099CD7D /* MainTableViewController.m */,
				53C962E81959D0CA0099CD7D /* ResultsTableController.h */,
				53C962E91959D0CA0099CD7D /* ResultsTableController.m */,
			);
			name = Controller;
			sourceTree = "<group>";
		};
/* End PBXGroup section */

/* Begin PBXNativeTarget section */
		1D6058900D05DD3D006BFB54 /* TableSearch */ = {
			isa = PBXNativeTarget;
			buildConfigurationList = 1D6058960D05DD3E006BFB54 /* Build configuration list for PBXNativeTarget "TableSearch" */;
			buildPhases = (
				9D9750D2CF1A99B52487684F /* Check Pods Manifest.lock */,
				1D60588D0D05DD3D006BFB54 /* Resources */,
				1D60588E0D05DD3D006BFB54 /* Sources */,
				1D60588F0D05DD3D006BFB54 /* Frameworks */,
				8A84B371F41789078399A950 /* Embed Pods Frameworks */,
				4416F8FD09BFC97370B98E88 /* Copy Pods Resources */,
			);
			buildRules = (
			);
			dependencies = (
			);
			name = TableSearch;
			productName = IBTest;
			productReference = 1D6058910D05DD3D006BFB54 /* TableSearch.app */;
			productType = "com.apple.product-type.application";
		};
/* End PBXNativeTarget section */

/* Begin PBXProject section */
		29B97313FDCFA39411CA2CEA /* Project object */ = {
			isa = PBXProject;
			attributes = {
				LastUpgradeCheck = 0700;
			};
			buildConfigurationList = C01FCF4E08A954540054247B /* Build configuration list for PBXProject "TableSearch" */;
			compatibilityVersion = "Xcode 3.2";
			developmentRegion = English;
			hasScannedForEncodings = 1;
			knownRegions = (
				English,
				Japanese,
				French,
				German,
				en,
			);
			mainGroup = 29B97314FDCFA39411CA2CEA /* CustomTemplate */;
			projectDirPath = "";
			projectRoot = "";
			targets = (
				1D6058900D05DD3D006BFB54 /* TableSearch */,
			);
		};
/* End PBXProject section */

/* Begin PBXResourcesBuildPhase section */
		1D60588D0D05DD3D006BFB54 /* Resources */ = {
			isa = PBXResourcesBuildPhase;
			buildActionMask = 2147483647;
			files = (
				B40A8CAA1CE1A50A00DC784F /* LaunchScreen.xib in Resources */,
				53C962C61959CFC50099CD7D /* TableCell.xib in Resources */,
				B40A8CA71CE1A4E500DC784F /* MainStoryboard.storyboard in Resources */,
				53C962BC1959CF970099CD7D /* Images.xcassets in Resources */,
			);
			runOnlyForDeploymentPostprocessing = 0;
		};
/* End PBXResourcesBuildPhase section */

/* Begin PBXShellScriptBuildPhase section */
		4416F8FD09BFC97370B98E88 /* Copy Pods Resources */ = {
			isa = PBXShellScriptBuildPhase;
			buildActionMask = 2147483647;
			files = (
			);
			inputPaths = (
			);
			name = "Copy Pods Resources";
			outputPaths = (
			);
			runOnlyForDeploymentPostprocessing = 0;
			shellPath = /bin/sh;
			shellScript = "\"${SRCROOT}/Pods/Target Support Files/Pods/Pods-resources.sh\"\n";
			showEnvVarsInLog = 0;
		};
		8A84B371F41789078399A950 /* Embed Pods Frameworks */ = {
			isa = PBXShellScriptBuildPhase;
			buildActionMask = 2147483647;
			files = (
			);
			inputPaths = (
			);
			name = "Embed Pods Frameworks";
			outputPaths = (
			);
			runOnlyForDeploymentPostprocessing = 0;
			shellPath = /bin/sh;
			shellScript = "\"${SRCROOT}/Pods/Target Support Files/Pods/Pods-frameworks.sh\"\n";
			showEnvVarsInLog = 0;
		};
		9D9750D2CF1A99B52487684F /* Check Pods Manifest.lock */ = {
			isa = PBXShellScriptBuildPhase;
			buildActionMask = 2147483647;
			files = (
			);
			inputPaths = (
			);
			name = "Check Pods Manifest.lock";
			outputPaths = (
			);
			runOnlyForDeploymentPostprocessing = 0;
			shellPath = /bin/sh;
			shellScript = "diff \"${PODS_ROOT}/../Podfile.lock\" \"${PODS_ROOT}/Manifest.lock\" > /dev/null\nif [[ $? != 0 ]] ; then\n    cat << EOM\nerror: The sandbox is not in sync with the Podfile.lock. Run 'pod install' or update your CocoaPods installation.\nEOM\n    exit 1\nfi\n";
			showEnvVarsInLog = 0;
		};
/* End PBXShellScriptBuildPhase section */

/* Begin PBXSourcesBuildPhase section */
		1D60588E0D05DD3D006BFB54 /* Sources */ = {
			isa = PBXSourcesBuildPhase;
			buildActionMask = 2147483647;
			files = (
				B40A8CA41CE18E0600DC784F /* Result.m in Sources */,
				53C962EF1959D0CA0099CD7D /* MainTableViewController.m in Sources */,
				53C962EC1959D0CA0099CD7D /* AppDelegate.m in Sources */,
				53C962ED1959D0CA0099CD7D /* BaseTableViewController.m in Sources */,
				53C962F11959D0CA0099CD7D /* ResultsTableController.m in Sources */,
				532350CB1959D2F700545CD3 /* main.m in Sources */,
			);
			runOnlyForDeploymentPostprocessing = 0;
		};
/* End PBXSourcesBuildPhase section */

/* Begin PBXVariantGroup section */
		53C962C31959CFC50099CD7D /* TableCell.xib */ = {
			isa = PBXVariantGroup;
			children = (
				53C962C41959CFC50099CD7D /* en */,
			);
			name = TableCell.xib;
			sourceTree = "<group>";
		};
		B40A8CA51CE1A4E500DC784F /* MainStoryboard.storyboard */ = {
			isa = PBXVariantGroup;
			children = (
				B40A8CA61CE1A4E500DC784F /* en */,
			);
			name = MainStoryboard.storyboard;
			sourceTree = "<group>";
		};
		B40A8CA81CE1A50A00DC784F /* LaunchScreen.xib */ = {
			isa = PBXVariantGroup;
			children = (
				B40A8CA91CE1A50A00DC784F /* en */,
			);
			name = LaunchScreen.xib;
			sourceTree = "<group>";
		};
/* End PBXVariantGroup section */

/* Begin XCBuildConfiguration section */
		1D6058940D05DD3E006BFB54 /* Debug */ = {
			isa = XCBuildConfiguration;
			baseConfigurationReference = 9E0FBDC8C8EF3F38FB9F4770 /* Pods.debug.xcconfig */;
			buildSettings = {
				ASSETCATALOG_COMPILER_APPICON_NAME = AppIcon;
				CLANG_ENABLE_OBJC_ARC = YES;
				CLANG_WARN__DUPLICATE_METHOD_MATCH = YES;
				"CODE_SIGN_IDENTITY[sdk=iphoneos*]" = "iPhone Developer";
				COPY_PHASE_STRIP = NO;
				DEBUG_INFORMATION_FORMAT = "dwarf-with-dsym";
				GCC_DYNAMIC_NO_PIC = NO;
				GCC_OPTIMIZATION_LEVEL = 0;
				GCC_PRECOMPILE_PREFIX_HEADER = YES;
				GCC_PREFIX_HEADER = TableSearch/Prefix.pch;
				GCC_WARN_64_TO_32_BIT_CONVERSION = YES;
				GCC_WARN_ABOUT_RETURN_TYPE = YES_ERROR;
				GCC_WARN_INITIALIZER_NOT_FULLY_BRACKETED = YES;
				GCC_WARN_SHADOW = YES;
				GCC_WARN_SIGN_COMPARE = YES;
				GCC_WARN_UNDECLARED_SELECTOR = YES;
				GCC_WARN_UNINITIALIZED_AUTOS = YES_AGGRESSIVE;
				GCC_WARN_UNUSED_FUNCTION = YES;
				GCC_WARN_UNUSED_LABEL = YES;
				INFOPLIST_FILE = Info.plist;
				IPHONEOS_DEPLOYMENT_TARGET = 9.0;
				PRODUCT_BUNDLE_IDENTIFIER = "com.example.apple-samplecode.${PRODUCT_NAME:rfc1034identifier}";
				PRODUCT_NAME = "$(TARGET_NAME)";
				RUN_CLANG_STATIC_ANALYZER = YES;
			};
			name = Debug;
		};
		1D6058950D05DD3E006BFB54 /* Release */ = {
			isa = XCBuildConfiguration;
			baseConfigurationReference = 21920E3714FFF3CEBEBD22C0 /* Pods.release.xcconfig */;
			buildSettings = {
				ASSETCATALOG_COMPILER_APPICON_NAME = AppIcon;
				CLANG_ENABLE_OBJC_ARC = YES;
				CLANG_WARN__DUPLICATE_METHOD_MATCH = YES;
				"CODE_SIGN_IDENTITY[sdk=iphoneos*]" = "iPhone Developer";
				COPY_PHASE_STRIP = YES;
				DEBUG_INFORMATION_FORMAT = "dwarf-with-dsym";
				GCC_PRECOMPILE_PREFIX_HEADER = YES;
				GCC_PREFIX_HEADER = TableSearch/Prefix.pch;
				GCC_WARN_64_TO_32_BIT_CONVERSION = YES;
				GCC_WARN_ABOUT_RETURN_TYPE = YES_ERROR;
				GCC_WARN_INITIALIZER_NOT_FULLY_BRACKETED = YES;
				GCC_WARN_SHADOW = YES;
				GCC_WARN_SIGN_COMPARE = YES;
				GCC_WARN_UNDECLARED_SELECTOR = YES;
				GCC_WARN_UNINITIALIZED_AUTOS = YES_AGGRESSIVE;
				GCC_WARN_UNUSED_FUNCTION = YES;
				GCC_WARN_UNUSED_LABEL = YES;
				INFOPLIST_FILE = Info.plist;
				IPHONEOS_DEPLOYMENT_TARGET = 9.0;
				PRODUCT_BUNDLE_IDENTIFIER = "com.example.apple-samplecode.${PRODUCT_NAME:rfc1034identifier}";
				PRODUCT_NAME = "$(TARGET_NAME)";
			};
			name = Release;
		};
		C01FCF4F08A954540054247B /* Debug */ = {
			isa = XCBuildConfiguration;
			buildSettings = {
				ALWAYS_SEARCH_USER_PATHS = NO;
				CLANG_ENABLE_MODULES = YES;
				CLANG_ENABLE_OBJC_ARC = YES;
				"CODE_SIGN_IDENTITY[sdk=iphoneos*]" = "iPhone Developer";
				ENABLE_TESTABILITY = YES;
				GCC_C_LANGUAGE_STANDARD = c99;
				GCC_WARN_ABOUT_MISSING_FIELD_INITIALIZERS = YES;
				GCC_WARN_ABOUT_RETURN_TYPE = YES;
				GCC_WARN_INITIALIZER_NOT_FULLY_BRACKETED = YES;
				GCC_WARN_SHADOW = YES;
				GCC_WARN_SIGN_COMPARE = YES;
				GCC_WARN_UNDECLARED_SELECTOR = YES;
				GCC_WARN_UNUSED_FUNCTION = YES;
				GCC_WARN_UNUSED_LABEL = YES;
				GCC_WARN_UNUSED_VARIABLE = YES;
				IPHONEOS_DEPLOYMENT_TARGET = 8.0;
				ONLY_ACTIVE_ARCH = YES;
				"PROVISIONING_PROFILE[sdk=iphoneos*]" = "";
				SDKROOT = iphoneos;
				TARGETED_DEVICE_FAMILY = 1;
			};
			name = Debug;
		};
		C01FCF5008A954540054247B /* Release */ = {
			isa = XCBuildConfiguration;
			buildSettings = {
				ALWAYS_SEARCH_USER_PATHS = NO;
				CLANG_ENABLE_MODULES = YES;
				CLANG_ENABLE_OBJC_ARC = YES;
				"CODE_SIGN_IDENTITY[sdk=iphoneos*]" = "iPhone Developer";
				GCC_C_LANGUAGE_STANDARD = c99;
				GCC_WARN_ABOUT_MISSING_FIELD_INITIALIZERS = YES;
				GCC_WARN_ABOUT_RETURN_TYPE = YES;
				GCC_WARN_INITIALIZER_NOT_FULLY_BRACKETED = YES;
				GCC_WARN_SHADOW = YES;
				GCC_WARN_SIGN_COMPARE = YES;
				GCC_WARN_UNDECLARED_SELECTOR = YES;
				GCC_WARN_UNUSED_FUNCTION = YES;
				GCC_WARN_UNUSED_LABEL = YES;
				GCC_WARN_UNUSED_VARIABLE = YES;
				IPHONEOS_DEPLOYMENT_TARGET = 8.0;
				"PROVISIONING_PROFILE[sdk=iphoneos*]" = "";
				SDKROOT = iphoneos;
				TARGETED_DEVICE_FAMILY = 1;
			};
			name = Release;
		};
/* End XCBuildConfiguration section */

/* Begin XCConfigurationList section */
		1D6058960D05DD3E006BFB54 /* Build configuration list for PBXNativeTarget "TableSearch" */ = {
			isa = XCConfigurationList;
			buildConfigurations = (
				1D6058940D05DD3E006BFB54 /* Debug */,
				1D6058950D05DD3E006BFB54 /* Release */,
			);
			defaultConfigurationIsVisible = 0;
			defaultConfigurationName = Release;
		};
		C01FCF4E08A954540054247B /* Build configuration list for PBXProject "TableSearch" */ = {
			isa = XCConfigurationList;
			buildConfigurations = (
				C01FCF4F08A954540054247B /* Debug */,
				C01FCF5008A954540054247B /* Release */,
			);
			defaultConfigurationIsVisible = 0;
			defaultConfigurationName = Release;
		};
/* End XCConfigurationList section */
	};
	rootObject = 29B97313FDCFA39411CA2CEA /* Project object */;
}
